// !$*UTF8*$!
{
	archiveVersion = 1;
	classes = {
	};
	objectVersion = 55;
	objects = {

/* Begin PBXBuildFile section */
		7C980A9728620DCE00F89236 /* AppDelegate.swift in Sources */ = {isa = PBXBuildFile; fileRef = 7C980A9628620DCE00F89236 /* AppDelegate.swift */; };
		7C980A9928620DCE00F89236 /* SceneDelegate.swift in Sources */ = {isa = PBXBuildFile; fileRef = 7C980A9828620DCE00F89236 /* SceneDelegate.swift */; };
		7C980A9B28620DCE00F89236 /* ViewController.swift in Sources */ = {isa = PBXBuildFile; fileRef = 7C980A9A28620DCE00F89236 /* ViewController.swift */; };
		7C980AA128620DCE00F89236 /* MusicPetProject.xcdatamodeld in Sources */ = {isa = PBXBuildFile; fileRef = 7C980A9F28620DCE00F89236 /* MusicPetProject.xcdatamodeld */; };
		7C980AA328620DD000F89236 /* Assets.xcassets in Resources */ = {isa = PBXBuildFile; fileRef = 7C980AA228620DD000F89236 /* Assets.xcassets */; };
		7C980AA628620DD000F89236 /* LaunchScreen.storyboard in Resources */ = {isa = PBXBuildFile; fileRef = 7C980AA428620DD000F89236 /* LaunchScreen.storyboard */; };
		7C980AB128620DD000F89236 /* MusicPetProjectTests.swift in Sources */ = {isa = PBXBuildFile; fileRef = 7C980AB028620DD000F89236 /* MusicPetProjectTests.swift */; };
		7C980ABB28620DD000F89236 /* MusicPetProjectUITests.swift in Sources */ = {isa = PBXBuildFile; fileRef = 7C980ABA28620DD000F89236 /* MusicPetProjectUITests.swift */; };
		7C980ABD28620DD000F89236 /* MusicPetProjectUITestsLaunchTests.swift in Sources */ = {isa = PBXBuildFile; fileRef = 7C980ABC28620DD000F89236 /* MusicPetProjectUITestsLaunchTests.swift */; };
/* End PBXBuildFile section */

/* Begin PBXContainerItemProxy section */
		7C980AAD28620DD000F89236 /* PBXContainerItemProxy */ = {
			isa = PBXContainerItemProxy;
			containerPortal = 7C980A8B28620DCE00F89236 /* Project object */;
			proxyType = 1;
			remoteGlobalIDString = 7C980A9228620DCE00F89236;
			remoteInfo = MusicPetProject;
		};
		7C980AB728620DD000F89236 /* PBXContainerItemProxy */ = {
			isa = PBXContainerItemProxy;
			containerPortal = 7C980A8B28620DCE00F89236 /* Project object */;
			proxyType = 1;
			remoteGlobalIDString = 7C980A9228620DCE00F89236;
			remoteInfo = MusicPetProject;
		};
/* End PBXContainerItemProxy section */

/* Begin PBXFileReference section */
		7C980A9328620DCE00F89236 /* MusicPetProject.app */ = {isa = PBXFileReference; explicitFileType = wrapper.application; includeInIndex = 0; path = MusicPetProject.app; sourceTree = BUILT_PRODUCTS_DIR; };
		7C980A9628620DCE00F89236 /* AppDelegate.swift */ = {isa = PBXFileReference; lastKnownFileType = sourcecode.swift; path = AppDelegate.swift; sourceTree = "<group>"; };
		7C980A9828620DCE00F89236 /* SceneDelegate.swift */ = {isa = PBXFileReference; lastKnownFileType = sourcecode.swift; path = SceneDelegate.swift; sourceTree = "<group>"; };
		7C980A9A28620DCE00F89236 /* ViewController.swift */ = {isa = PBXFileReference; lastKnownFileType = sourcecode.swift; path = ViewController.swift; sourceTree = "<group>"; };
		7C980AA028620DCE00F89236 /* MusicPetProject.xcdatamodel */ = {isa = PBXFileReference; lastKnownFileType = wrapper.xcdatamodel; path = MusicPetProject.xcdatamodel; sourceTree = "<group>"; };
		7C980AA228620DD000F89236 /* Assets.xcassets */ = {isa = PBXFileReference; lastKnownFileType = folder.assetcatalog; path = Assets.xcassets; sourceTree = "<group>"; };
		7C980AA528620DD000F89236 /* Base */ = {isa = PBXFileReference; lastKnownFileType = file.storyboard; name = Base; path = Base.lproj/LaunchScreen.storyboard; sourceTree = "<group>"; };
		7C980AA728620DD000F89236 /* Info.plist */ = {isa = PBXFileReference; lastKnownFileType = text.plist.xml; path = Info.plist; sourceTree = "<group>"; };
		7C980AAC28620DD000F89236 /* MusicPetProjectTests.xctest */ = {isa = PBXFileReference; explicitFileType = wrapper.cfbundle; includeInIndex = 0; path = MusicPetProjectTests.xctest; sourceTree = BUILT_PRODUCTS_DIR; };
		7C980AB028620DD000F89236 /* MusicPetProjectTests.swift */ = {isa = PBXFileReference; lastKnownFileType = sourcecode.swift; path = MusicPetProjectTests.swift; sourceTree = "<group>"; };
		7C980AB628620DD000F89236 /* MusicPetProjectUITests.xctest */ = {isa = PBXFileReference; explicitFileType = wrapper.cfbundle; includeInIndex = 0; path = MusicPetProjectUITests.xctest; sourceTree = BUILT_PRODUCTS_DIR; };
		7C980ABA28620DD000F89236 /* MusicPetProjectUITests.swift */ = {isa = PBXFileReference; lastKnownFileType = sourcecode.swift; path = MusicPetProjectUITests.swift; sourceTree = "<group>"; };
		7C980ABC28620DD000F89236 /* MusicPetProjectUITestsLaunchTests.swift */ = {isa = PBXFileReference; lastKnownFileType = sourcecode.swift; path = MusicPetProjectUITestsLaunchTests.swift; sourceTree = "<group>"; };
/* End PBXFileReference section */

/* Begin PBXFrameworksBuildPhase section */
		7C980A9028620DCE00F89236 /* Frameworks */ = {
			isa = PBXFrameworksBuildPhase;
			buildActionMask = 2147483647;
			files = (
			);
			runOnlyForDeploymentPostprocessing = 0;
		};
		7C980AA928620DD000F89236 /* Frameworks */ = {
			isa = PBXFrameworksBuildPhase;
			buildActionMask = 2147483647;
			files = (
			);
			runOnlyForDeploymentPostprocessing = 0;
		};
		7C980AB328620DD000F89236 /* Frameworks */ = {
			isa = PBXFrameworksBuildPhase;
			buildActionMask = 2147483647;
			files = (
			);
			runOnlyForDeploymentPostprocessing = 0;
		};
/* End PBXFrameworksBuildPhase section */

/* Begin PBXGroup section */
		7C980A8A28620DCE00F89236 = {
			isa = PBXGroup;
			children = (
				7C980A9528620DCE00F89236 /* MusicPetProject */,
				7C980AAF28620DD000F89236 /* MusicPetProjectTests */,
				7C980AB928620DD000F89236 /* MusicPetProjectUITests */,
				7C980A9428620DCE00F89236 /* Products */,
			);
			sourceTree = "<group>";
		};
		7C980A9428620DCE00F89236 /* Products */ = {
			isa = PBXGroup;
			children = (
				7C980A9328620DCE00F89236 /* MusicPetProject.app */,
				7C980AAC28620DD000F89236 /* MusicPetProjectTests.xctest */,
				7C980AB628620DD000F89236 /* MusicPetProjectUITests.xctest */,
			);
			name = Products;
			sourceTree = "<group>";
		};
		7C980A9528620DCE00F89236 /* MusicPetProject */ = {
			isa = PBXGroup;
			children = (
				7C980A9628620DCE00F89236 /* AppDelegate.swift */,
				7C980A9828620DCE00F89236 /* SceneDelegate.swift */,
				7C980A9A28620DCE00F89236 /* ViewController.swift */,
				7C980AA228620DD000F89236 /* Assets.xcassets */,
				7C980AA428620DD000F89236 /* LaunchScreen.storyboard */,
				7C980AA728620DD000F89236 /* Info.plist */,
				7C980A9F28620DCE00F89236 /* MusicPetProject.xcdatamodeld */,
			);
			path = MusicPetProject;
			sourceTree = "<group>";
		};
		7C980AAF28620DD000F89236 /* MusicPetProjectTests */ = {
			isa = PBXGroup;
			children = (
				7C980AB028620DD000F89236 /* MusicPetProjectTests.swift */,
			);
			path = MusicPetProjectTests;
			sourceTree = "<group>";
		};
		7C980AB928620DD000F89236 /* MusicPetProjectUITests */ = {
			isa = PBXGroup;
			children = (
				7C980ABA28620DD000F89236 /* MusicPetProjectUITests.swift */,
				7C980ABC28620DD000F89236 /* MusicPetProjectUITestsLaunchTests.swift */,
			);
			path = MusicPetProjectUITests;
			sourceTree = "<group>";
		};
/* End PBXGroup section */

/* Begin PBXNativeTarget section */
		7C980A9228620DCE00F89236 /* MusicPetProject */ = {
			isa = PBXNativeTarget;
			buildConfigurationList = 7C980AC028620DD000F89236 /* Build configuration list for PBXNativeTarget "MusicPetProject" */;
			buildPhases = (
				7C980A8F28620DCE00F89236 /* Sources */,
				7C980A9028620DCE00F89236 /* Frameworks */,
				7C980A9128620DCE00F89236 /* Resources */,
			);
			buildRules = (
			);
			dependencies = (
			);
			name = MusicPetProject;
			productName = MusicPetProject;
			productReference = 7C980A9328620DCE00F89236 /* MusicPetProject.app */;
			productType = "com.apple.product-type.application";
		};
		7C980AAB28620DD000F89236 /* MusicPetProjectTests */ = {
			isa = PBXNativeTarget;
			buildConfigurationList = 7C980AC328620DD000F89236 /* Build configuration list for PBXNativeTarget "MusicPetProjectTests" */;
			buildPhases = (
				7C980AA828620DD000F89236 /* Sources */,
				7C980AA928620DD000F89236 /* Frameworks */,
				7C980AAA28620DD000F89236 /* Resources */,
			);
			buildRules = (
			);
			dependencies = (
				7C980AAE28620DD000F89236 /* PBXTargetDependency */,
			);
			name = MusicPetProjectTests;
			productName = MusicPetProjectTests;
			productReference = 7C980AAC28620DD000F89236 /* MusicPetProjectTests.xctest */;
			productType = "com.apple.product-type.bundle.unit-test";
		};
		7C980AB528620DD000F89236 /* MusicPetProjectUITests */ = {
			isa = PBXNativeTarget;
			buildConfigurationList = 7C980AC628620DD000F89236 /* Build configuration list for PBXNativeTarget "MusicPetProjectUITests" */;
			buildPhases = (
				7C980AB228620DD000F89236 /* Sources */,
				7C980AB328620DD000F89236 /* Frameworks */,
				7C980AB428620DD000F89236 /* Resources */,
			);
			buildRules = (
			);
			dependencies = (
				7C980AB828620DD000F89236 /* PBXTargetDependency */,
			);
			name = MusicPetProjectUITests;
			productName = MusicPetProjectUITests;
			productReference = 7C980AB628620DD000F89236 /* MusicPetProjectUITests.xctest */;
			productType = "com.apple.product-type.bundle.ui-testing";
		};
/* End PBXNativeTarget section */

/* Begin PBXProject section */
		7C980A8B28620DCE00F89236 /* Project object */ = {
			isa = PBXProject;
			attributes = {
				BuildIndependentTargetsInParallel = 1;
				LastSwiftUpdateCheck = 1340;
				LastUpgradeCheck = 1340;
				TargetAttributes = {
					7C980A9228620DCE00F89236 = {
						CreatedOnToolsVersion = 13.4.1;
					};
					7C980AAB28620DD000F89236 = {
						CreatedOnToolsVersion = 13.4.1;
						TestTargetID = 7C980A9228620DCE00F89236;
					};
					7C980AB528620DD000F89236 = {
						CreatedOnToolsVersion = 13.4.1;
						TestTargetID = 7C980A9228620DCE00F89236;
					};
				};
			};
			buildConfigurationList = 7C980A8E28620DCE00F89236 /* Build configuration list for PBXProject "MusicPetProject" */;
			compatibilityVersion = "Xcode 13.0";
			developmentRegion = en;
			hasScannedForEncodings = 0;
			knownRegions = (
				en,
				Base,
			);
			mainGroup = 7C980A8A28620DCE00F89236;
			productRefGroup = 7C980A9428620DCE00F89236 /* Products */;
			projectDirPath = "";
			projectRoot = "";
			targets = (
				7C980A9228620DCE00F89236 /* MusicPetProject */,
				7C980AAB28620DD000F89236 /* MusicPetProjectTests */,
				7C980AB528620DD000F89236 /* MusicPetProjectUITests */,
			);
		};
/* End PBXProject section */

/* Begin PBXResourcesBuildPhase section */
		7C980A9128620DCE00F89236 /* Resources */ = {
			isa = PBXResourcesBuildPhase;
			buildActionMask = 2147483647;
			files = (
				7C980AA628620DD000F89236 /* LaunchScreen.storyboard in Resources */,
				7C980AA328620DD000F89236 /* Assets.xcassets in Resources */,
			);
			runOnlyForDeploymentPostprocessing = 0;
		};
		7C980AAA28620DD000F89236 /* Resources */ = {
			isa = PBXResourcesBuildPhase;
			buildActionMask = 2147483647;
			files = (
			);
			runOnlyForDeploymentPostprocessing = 0;
		};
		7C980AB428620DD000F89236 /* Resources */ = {
			isa = PBXResourcesBuildPhase;
			buildActionMask = 2147483647;
			files = (
			);
			runOnlyForDeploymentPostprocessing = 0;
		};
/* End PBXResourcesBuildPhase section */

/* Begin PBXSourcesBuildPhase section */
		7C980A8F28620DCE00F89236 /* Sources */ = {
			isa = PBXSourcesBuildPhase;
			buildActionMask = 2147483647;
			files = (
				7C980A9B28620DCE00F89236 /* ViewController.swift in Sources */,
				7C980AA128620DCE00F89236 /* MusicPetProject.xcdatamodeld in Sources */,
				7C980A9728620DCE00F89236 /* AppDelegate.swift in Sources */,
				7C980A9928620DCE00F89236 /* SceneDelegate.swift in Sources */,
			);
			runOnlyForDeploymentPostprocessing = 0;
		};
		7C980AA828620DD000F89236 /* Sources */ = {
			isa = PBXSourcesBuildPhase;
			buildActionMask = 2147483647;
			files = (
				7C980AB128620DD000F89236 /* MusicPetProjectTests.swift in Sources */,
			);
			runOnlyForDeploymentPostprocessing = 0;
		};
		7C980AB228620DD000F89236 /* Sources */ = {
			isa = PBXSourcesBuildPhase;
			buildActionMask = 2147483647;
			files = (
				7C980ABD28620DD000F89236 /* MusicPetProjectUITestsLaunchTests.swift in Sources */,
				7C980ABB28620DD000F89236 /* MusicPetProjectUITests.swift in Sources */,
			);
			runOnlyForDeploymentPostprocessing = 0;
		};
/* End PBXSourcesBuildPhase section */

/* Begin PBXTargetDependency section */
		7C980AAE28620DD000F89236 /* PBXTargetDependency */ = {
			isa = PBXTargetDependency;
			target = 7C980A9228620DCE00F89236 /* MusicPetProject */;
			targetProxy = 7C980AAD28620DD000F89236 /* PBXContainerItemProxy */;
		};
		7C980AB828620DD000F89236 /* PBXTargetDependency */ = {
			isa = PBXTargetDependency;
			target = 7C980A9228620DCE00F89236 /* MusicPetProject */;
			targetProxy = 7C980AB728620DD000F89236 /* PBXContainerItemProxy */;
		};
/* End PBXTargetDependency section */

/* Begin PBXVariantGroup section */
		7C980AA428620DD000F89236 /* LaunchScreen.storyboard */ = {
			isa = PBXVariantGroup;
			children = (
				7C980AA528620DD000F89236 /* Base */,
			);
			name = LaunchScreen.storyboard;
			sourceTree = "<group>";
		};
/* End PBXVariantGroup section */

/* Begin XCBuildConfiguration section */
		7C980ABE28620DD000F89236 /* Debug */ = {
			isa = XCBuildConfiguration;
			buildSettings = {
				ALWAYS_SEARCH_USER_PATHS = NO;
				CLANG_ANALYZER_NONNULL = YES;
				CLANG_ANALYZER_NUMBER_OBJECT_CONVERSION = YES_AGGRESSIVE;
				CLANG_CXX_LANGUAGE_STANDARD = "gnu++17";
				CLANG_ENABLE_MODULES = YES;
				CLANG_ENABLE_OBJC_ARC = YES;
				CLANG_ENABLE_OBJC_WEAK = YES;
				CLANG_WARN_BLOCK_CAPTURE_AUTORELEASING = YES;
				CLANG_WARN_BOOL_CONVERSION = YES;
				CLANG_WARN_COMMA = YES;
				CLANG_WARN_CONSTANT_CONVERSION = YES;
				CLANG_WARN_DEPRECATED_OBJC_IMPLEMENTATIONS = YES;
				CLANG_WARN_DIRECT_OBJC_ISA_USAGE = YES_ERROR;
				CLANG_WARN_DOCUMENTATION_COMMENTS = YES;
				CLANG_WARN_EMPTY_BODY = YES;
				CLANG_WARN_ENUM_CONVERSION = YES;
				CLANG_WARN_INFINITE_RECURSION = YES;
				CLANG_WARN_INT_CONVERSION = YES;
				CLANG_WARN_NON_LITERAL_NULL_CONVERSION = YES;
				CLANG_WARN_OBJC_IMPLICIT_RETAIN_SELF = YES;
				CLANG_WARN_OBJC_LITERAL_CONVERSION = YES;
				CLANG_WARN_OBJC_ROOT_CLASS = YES_ERROR;
				CLANG_WARN_QUOTED_INCLUDE_IN_FRAMEWORK_HEADER = YES;
				CLANG_WARN_RANGE_LOOP_ANALYSIS = YES;
				CLANG_WARN_STRICT_PROTOTYPES = YES;
				CLANG_WARN_SUSPICIOUS_MOVE = YES;
				CLANG_WARN_UNGUARDED_AVAILABILITY = YES_AGGRESSIVE;
				CLANG_WARN_UNREACHABLE_CODE = YES;
				CLANG_WARN__DUPLICATE_METHOD_MATCH = YES;
				COPY_PHASE_STRIP = NO;
				DEBUG_INFORMATION_FORMAT = dwarf;
				ENABLE_STRICT_OBJC_MSGSEND = YES;
				ENABLE_TESTABILITY = YES;
				GCC_C_LANGUAGE_STANDARD = gnu11;
				GCC_DYNAMIC_NO_PIC = NO;
				GCC_NO_COMMON_BLOCKS = YES;
				GCC_OPTIMIZATION_LEVEL = 0;
				GCC_PREPROCESSOR_DEFINITIONS = (
					"DEBUG=1",
					"$(inherited)",
				);
				GCC_WARN_64_TO_32_BIT_CONVERSION = YES;
				GCC_WARN_ABOUT_RETURN_TYPE = YES_ERROR;
				GCC_WARN_UNDECLARED_SELECTOR = YES;
				GCC_WARN_UNINITIALIZED_AUTOS = YES_AGGRESSIVE;
				GCC_WARN_UNUSED_FUNCTION = YES;
				GCC_WARN_UNUSED_VARIABLE = YES;
				IPHONEOS_DEPLOYMENT_TARGET = 15.5;
				MTL_ENABLE_DEBUG_INFO = INCLUDE_SOURCE;
				MTL_FAST_MATH = YES;
				ONLY_ACTIVE_ARCH = YES;
				SDKROOT = iphoneos;
				SWIFT_ACTIVE_COMPILATION_CONDITIONS = DEBUG;
				SWIFT_OPTIMIZATION_LEVEL = "-Onone";
			};
			name = Debug;
		};
		7C980ABF28620DD000F89236 /* Release */ = {
			isa = XCBuildConfiguration;
			buildSettings = {
				ALWAYS_SEARCH_USER_PATHS = NO;
				CLANG_ANALYZER_NONNULL = YES;
				CLANG_ANALYZER_NUMBER_OBJECT_CONVERSION = YES_AGGRESSIVE;
				CLANG_CXX_LANGUAGE_STANDARD = "gnu++17";
				CLANG_ENABLE_MODULES = YES;
				CLANG_ENABLE_OBJC_ARC = YES;
				CLANG_ENABLE_OBJC_WEAK = YES;
				CLANG_WARN_BLOCK_CAPTURE_AUTORELEASING = YES;
				CLANG_WARN_BOOL_CONVERSION = YES;
				CLANG_WARN_COMMA = YES;
				CLANG_WARN_CONSTANT_CONVERSION = YES;
				CLANG_WARN_DEPRECATED_OBJC_IMPLEMENTATIONS = YES;
				CLANG_WARN_DIRECT_OBJC_ISA_USAGE = YES_ERROR;
				CLANG_WARN_DOCUMENTATION_COMMENTS = YES;
				CLANG_WARN_EMPTY_BODY = YES;
				CLANG_WARN_ENUM_CONVERSION = YES;
				CLANG_WARN_INFINITE_RECURSION = YES;
				CLANG_WARN_INT_CONVERSION = YES;
				CLANG_WARN_NON_LITERAL_NULL_CONVERSION = YES;
				CLANG_WARN_OBJC_IMPLICIT_RETAIN_SELF = YES;
				CLANG_WARN_OBJC_LITERAL_CONVERSION = YES;
				CLANG_WARN_OBJC_ROOT_CLASS = YES_ERROR;
				CLANG_WARN_QUOTED_INCLUDE_IN_FRAMEWORK_HEADER = YES;
				CLANG_WARN_RANGE_LOOP_ANALYSIS = YES;
				CLANG_WARN_STRICT_PROTOTYPES = YES;
				CLANG_WARN_SUSPICIOUS_MOVE = YES;
				CLANG_WARN_UNGUARDED_AVAILABILITY = YES_AGGRESSIVE;
				CLANG_WARN_UNREACHABLE_CODE = YES;
				CLANG_WARN__DUPLICATE_METHOD_MATCH = YES;
				COPY_PHASE_STRIP = NO;
				DEBUG_INFORMATION_FORMAT = "dwarf-with-dsym";
				ENABLE_NS_ASSERTIONS = NO;
				ENABLE_STRICT_OBJC_MSGSEND = YES;
				GCC_C_LANGUAGE_STANDARD = gnu11;
				GCC_NO_COMMON_BLOCKS = YES;
				GCC_WARN_64_TO_32_BIT_CONVERSION = YES;
				GCC_WARN_ABOUT_RETURN_TYPE = YES_ERROR;
				GCC_WARN_UNDECLARED_SELECTOR = YES;
				GCC_WARN_UNINITIALIZED_AUTOS = YES_AGGRESSIVE;
				GCC_WARN_UNUSED_FUNCTION = YES;
				GCC_WARN_UNUSED_VARIABLE = YES;
				IPHONEOS_DEPLOYMENT_TARGET = 15.5;
				MTL_ENABLE_DEBUG_INFO = NO;
				MTL_FAST_MATH = YES;
				SDKROOT = iphoneos;
				SWIFT_COMPILATION_MODE = wholemodule;
				SWIFT_OPTIMIZATION_LEVEL = "-O";
				VALIDATE_PRODUCT = YES;
			};
			name = Release;
		};
		7C980AC128620DD000F89236 /* Debug */ = {
			isa = XCBuildConfiguration;
			buildSettings = {
				ASSETCATALOG_COMPILER_APPICON_NAME = AppIcon;
				ASSETCATALOG_COMPILER_GLOBAL_ACCENT_COLOR_NAME = AccentColor;
				CODE_SIGN_STYLE = Automatic;
				CURRENT_PROJECT_VERSION = 1;
				DEVELOPMENT_TEAM = HMMT7RLCT2;
				GENERATE_INFOPLIST_FILE = YES;
				INFOPLIST_FILE = MusicPetProject/Info.plist;
				INFOPLIST_KEY_UIApplicationSupportsIndirectInputEvents = YES;
				INFOPLIST_KEY_UILaunchStoryboardName = LaunchScreen;
				INFOPLIST_KEY_UISupportedInterfaceOrientations_iPad = "UIInterfaceOrientationPortrait UIInterfaceOrientationPortraitUpsideDown UIInterfaceOrientationLandscapeLeft UIInterfaceOrientationLandscapeRight";
				INFOPLIST_KEY_UISupportedInterfaceOrientations_iPhone = "UIInterfaceOrientationPortrait UIInterfaceOrientationLandscapeLeft UIInterfaceOrientationLandscapeRight";
				LD_RUNPATH_SEARCH_PATHS = (
					"$(inherited)",
					"@executable_path/Frameworks",
				);
				MARKETING_VERSION = 1.0;
				PRODUCT_BUNDLE_IDENTIFIER = OL.MusicPetProject;
				PRODUCT_NAME = "$(TARGET_NAME)";
				SWIFT_EMIT_LOC_STRINGS = YES;
				SWIFT_VERSION = 5.0;
				TARGETED_DEVICE_FAMILY = "1,2";
			};
			name = Debug;
		};
		7C980AC228620DD000F89236 /* Release */ = {
			isa = XCBuildConfiguration;
			buildSettings = {
				ASSETCATALOG_COMPILER_APPICON_NAME = AppIcon;
				ASSETCATALOG_COMPILER_GLOBAL_ACCENT_COLOR_NAME = AccentColor;
				CODE_SIGN_STYLE = Automatic;
				CURRENT_PROJECT_VERSION = 1;
				DEVELOPMENT_TEAM = HMMT7RLCT2;
				GENERATE_INFOPLIST_FILE = YES;
				INFOPLIST_FILE = MusicPetProject/Info.plist;
				INFOPLIST_KEY_UIApplicationSupportsIndirectInputEvents = YES;
				INFOPLIST_KEY_UILaunchStoryboardName = LaunchScreen;
				INFOPLIST_KEY_UISupportedInterfaceOrientations_iPad = "UIInterfaceOrientationPortrait UIInterfaceOrientationPortraitUpsideDown UIInterfaceOrientationLandscapeLeft UIInterfaceOrientationLandscapeRight";
				INFOPLIST_KEY_UISupportedInterfaceOrientations_iPhone = "UIInterfaceOrientationPortrait UIInterfaceOrientationLandscapeLeft UIInterfaceOrientationLandscapeRight";
				LD_RUNPATH_SEARCH_PATHS = (
					"$(inherited)",
					"@executable_path/Frameworks",
				);
				MARKETING_VERSION = 1.0;
				PRODUCT_BUNDLE_IDENTIFIER = OL.MusicPetProject;
				PRODUCT_NAME = "$(TARGET_NAME)";
				SWIFT_EMIT_LOC_STRINGS = YES;
				SWIFT_VERSION = 5.0;
				TARGETED_DEVICE_FAMILY = "1,2";
			};
			name = Release;
		};
		7C980AC428620DD000F89236 /* Debug */ = {
			isa = XCBuildConfiguration;
			buildSettings = {
				ALWAYS_EMBED_SWIFT_STANDARD_LIBRARIES = YES;
				BUNDLE_LOADER = "$(TEST_HOST)";
				CODE_SIGN_STYLE = Automatic;
				CURRENT_PROJECT_VERSION = 1;
				DEVELOPMENT_TEAM = HMMT7RLCT2;
				GENERATE_INFOPLIST_FILE = YES;
				IPHONEOS_DEPLOYMENT_TARGET = 15.5;
				MARKETING_VERSION = 1.0;
				PRODUCT_BUNDLE_IDENTIFIER = OL.MusicPetProjectTests;
				PRODUCT_NAME = "$(TARGET_NAME)";
				SWIFT_EMIT_LOC_STRINGS = NO;
				SWIFT_VERSION = 5.0;
				TARGETED_DEVICE_FAMILY = "1,2";
				TEST_HOST = "$(BUILT_PRODUCTS_DIR)/MusicPetProject.app/MusicPetProject";
			};
			name = Debug;
		};
		7C980AC528620DD000F89236 /* Release */ = {
			isa = XCBuildConfiguration;
			buildSettings = {
				ALWAYS_EMBED_SWIFT_STANDARD_LIBRARIES = YES;
				BUNDLE_LOADER = "$(TEST_HOST)";
				CODE_SIGN_STYLE = Automatic;
				CURRENT_PROJECT_VERSION = 1;
				DEVELOPMENT_TEAM = HMMT7RLCT2;
				GENERATE_INFOPLIST_FILE = YES;
				IPHONEOS_DEPLOYMENT_TARGET = 15.5;
				MARKETING_VERSION = 1.0;
				PRODUCT_BUNDLE_IDENTIFIER = OL.MusicPetProjectTests;
				PRODUCT_NAME = "$(TARGET_NAME)";
				SWIFT_EMIT_LOC_STRINGS = NO;
				SWIFT_VERSION = 5.0;
				TARGETED_DEVICE_FAMILY = "1,2";
				TEST_HOST = "$(BUILT_PRODUCTS_DIR)/MusicPetProject.app/MusicPetProject";
			};
			name = Release;
		};
		7C980AC728620DD000F89236 /* Debug */ = {
			isa = XCBuildConfiguration;
			buildSettings = {
				ALWAYS_EMBED_SWIFT_STANDARD_LIBRARIES = YES;
				CODE_SIGN_STYLE = Automatic;
				CURRENT_PROJECT_VERSION = 1;
				DEVELOPMENT_TEAM = HMMT7RLCT2;
				GENERATE_INFOPLIST_FILE = YES;
				MARKETING_VERSION = 1.0;
				PRODUCT_BUNDLE_IDENTIFIER = OL.MusicPetProjectUITests;
				PRODUCT_NAME = "$(TARGET_NAME)";
				SWIFT_EMIT_LOC_STRINGS = NO;
				SWIFT_VERSION = 5.0;
				TARGETED_DEVICE_FAMILY = "1,2";
				TEST_TARGET_NAME = MusicPetProject;
			};
			name = Debug;
		};
		7C980AC828620DD000F89236 /* Release */ = {
			isa = XCBuildConfiguration;
			buildSettings = {
				ALWAYS_EMBED_SWIFT_STANDARD_LIBRARIES = YES;
				CODE_SIGN_STYLE = Automatic;
				CURRENT_PROJECT_VERSION = 1;
				DEVELOPMENT_TEAM = HMMT7RLCT2;
				GENERATE_INFOPLIST_FILE = YES;
				MARKETING_VERSION = 1.0;
				PRODUCT_BUNDLE_IDENTIFIER = OL.MusicPetProjectUITests;
				PRODUCT_NAME = "$(TARGET_NAME)";
				SWIFT_EMIT_LOC_STRINGS = NO;
				SWIFT_VERSION = 5.0;
				TARGETED_DEVICE_FAMILY = "1,2";
				TEST_TARGET_NAME = MusicPetProject;
			};
			name = Release;
		};
/* End XCBuildConfiguration section */

/* Begin XCConfigurationList section */
		7C980A8E28620DCE00F89236 /* Build configuration list for PBXProject "MusicPetProject" */ = {
			isa = XCConfigurationList;
			buildConfigurations = (
				7C980ABE28620DD000F89236 /* Debug */,
				7C980ABF28620DD000F89236 /* Release */,
			);
			defaultConfigurationIsVisible = 0;
			defaultConfigurationName = Release;
		};
		7C980AC028620DD000F89236 /* Build configuration list for PBXNativeTarget "MusicPetProject" */ = {
			isa = XCConfigurationList;
			buildConfigurations = (
				7C980AC128620DD000F89236 /* Debug */,
				7C980AC228620DD000F89236 /* Release */,
			);
			defaultConfigurationIsVisible = 0;
			defaultConfigurationName = Release;
		};
		7C980AC328620DD000F89236 /* Build configuration list for PBXNativeTarget "MusicPetProjectTests" */ = {
			isa = XCConfigurationList;
			buildConfigurations = (
				7C980AC428620DD000F89236 /* Debug */,
				7C980AC528620DD000F89236 /* Release */,
			);
			defaultConfigurationIsVisible = 0;
			defaultConfigurationName = Release;
		};
		7C980AC628620DD000F89236 /* Build configuration list for PBXNativeTarget "MusicPetProjectUITests" */ = {
			isa = XCConfigurationList;
			buildConfigurations = (
				7C980AC728620DD000F89236 /* Debug */,
				7C980AC828620DD000F89236 /* Release */,
			);
			defaultConfigurationIsVisible = 0;
			defaultConfigurationName = Release;
		};
/* End XCConfigurationList section */

/* Begin XCVersionGroup section */
		7C980A9F28620DCE00F89236 /* MusicPetProject.xcdatamodeld */ = {
			isa = XCVersionGroup;
			children = (
				7C980AA028620DCE00F89236 /* MusicPetProject.xcdatamodel */,
			);
			currentVersion = 7C980AA028620DCE00F89236 /* MusicPetProject.xcdatamodel */;
			path = MusicPetProject.xcdatamodeld;
			sourceTree = "<group>";
			versionGroupType = wrapper.xcdatamodel;
		};
/* End XCVersionGroup section */
	};
	rootObject = 7C980A8B28620DCE00F89236 /* Project object */;
}
